
Microsoft Visual Studio Solution File, Format Version 12.00
# Visual Studio Version 17
VisualStudioVersion = 17.6.33723.286
MinimumVisualStudioVersion = 10.0.40219.1
Project("{9A19103F-16F7-4668-BE54-9A1E7A4F7556}") = "WorkersControl", "WorkersControl\WorkersControl.csproj", "{9DA708B7-BC1C-4D57-9E04-9311F41C6615}"
EndProject
Project("{9A19103F-16F7-4668-BE54-9A1E7A4F7556}") = "SocialNetwork", "SocialNetwork\SocialNetwork.csproj", "{DCA68F10-4628-40BD-B647-F1EC72121A9A}"
EndProject
Project("{9A19103F-16F7-4668-BE54-9A1E7A4F7556}") = "Supermarket", "Supermarket\Supermarket.csproj", "{02BBDDF4-C71B-44E2-9D9D-B36986141FAA}"
EndProject
Project("{9A19103F-16F7-4668-BE54-9A1E7A4F7556}") = "Company", "Company\Company.csproj", "{FFEFF98A-C804-44A4-9E2A-4F54CD142990}"
EndProject
Project("{9A19103F-16F7-4668-BE54-9A1E7A4F7556}") = "Store", "Store\Store.csproj", "{09169948-FEFE-4902-98FA-94AFD2245F6F}"
EndProject
Project("{9A19103F-16F7-4668-BE54-9A1E7A4F7556}") = "ShapeArea", "ShapeArea\ShapeArea.csproj", "{3C3CF6AC-1714-436D-83B7-392F3CD3F0C8}"
EndProject
Project("{9A19103F-16F7-4668-BE54-9A1E7A4F7556}") = "BankAccount", "BankAccount\BankAccount.csproj", "{5E4C6C95-5983-44C3-810C-20442FF9805F}"
EndProject
Project("{9A19103F-16F7-4668-BE54-9A1E7A4F7556}") = "IncomeTax", "IncomeTax\IncomeTax.csproj", "{B1578ACA-89B8-4374-A6BE-61750BD72907}"
EndProject
Project("{FAE04EC0-301F-11D3-BF4B-00C04F79EFBC}") = "Hotel", "Hotel\Hotel.csproj", "{341EF403-F8F6-46D9-B044-8FF11836E382}"
EndProject
Project("{FAE04EC0-301F-11D3-BF4B-00C04F79EFBC}") = "BankBranch", "BankBranch\BankBranch.csproj", "{1988CC1B-3722-4312-8FB9-11E7779E2AAD}"
EndProject
Project("{2150E333-8FDC-42A3-9474-1A3956D46DE8}") = "Itens de Solução", "Itens de Solução", "{E4AA7DB4-8692-4E85-A772-13DC5B77EF72}"
	ProjectSection(SolutionItems) = preProject
		exercises.txt = exercises.txt
	EndProjectSection
EndProject
Global
	GlobalSection(SolutionConfigurationPlatforms) = preSolution
		Debug|Any CPU = Debug|Any CPU
		Release|Any CPU = Release|Any CPU
	EndGlobalSection
	GlobalSection(ProjectConfigurationPlatforms) = postSolution
		{9DA708B7-BC1C-4D57-9E04-9311F41C6615}.Debug|Any CPU.ActiveCfg = Debug|Any CPU
		{9DA708B7-BC1C-4D57-9E04-9311F41C6615}.Debug|Any CPU.Build.0 = Debug|Any CPU
		{9DA708B7-BC1C-4D57-9E04-9311F41C6615}.Release|Any CPU.ActiveCfg = Release|Any CPU
		{9DA708B7-BC1C-4D57-9E04-9311F41C6615}.Release|Any CPU.Build.0 = Release|Any CPU
		{DCA68F10-4628-40BD-B647-F1EC72121A9A}.Debug|Any CPU.ActiveCfg = Debug|Any CPU
		{DCA68F10-4628-40BD-B647-F1EC72121A9A}.Debug|Any CPU.Build.0 = Debug|Any CPU
		{DCA68F10-4628-40BD-B647-F1EC72121A9A}.Release|Any CPU.ActiveCfg = Release|Any CPU
		{DCA68F10-4628-40BD-B647-F1EC72121A9A}.Release|Any CPU.Build.0 = Release|Any CPU
		{02BBDDF4-C71B-44E2-9D9D-B36986141FAA}.Debug|Any CPU.ActiveCfg = Debug|Any CPU
		{02BBDDF4-C71B-44E2-9D9D-B36986141FAA}.Debug|Any CPU.Build.0 = Debug|Any CPU
		{02BBDDF4-C71B-44E2-9D9D-B36986141FAA}.Release|Any CPU.ActiveCfg = Release|Any CPU
		{02BBDDF4-C71B-44E2-9D9D-B36986141FAA}.Release|Any CPU.Build.0 = Release|Any CPU
		{FFEFF98A-C804-44A4-9E2A-4F54CD142990}.Debug|Any CPU.ActiveCfg = Debug|Any CPU
		{FFEFF98A-C804-44A4-9E2A-4F54CD142990}.Debug|Any CPU.Build.0 = Debug|Any CPU
		{FFEFF98A-C804-44A4-9E2A-4F54CD142990}.Release|Any CPU.ActiveCfg = Release|Any CPU
		{FFEFF98A-C804-44A4-9E2A-4F54CD142990}.Release|Any CPU.Build.0 = Release|Any CPU
		{09169948-FEFE-4902-98FA-94AFD2245F6F}.Debug|Any CPU.ActiveCfg = Debug|Any CPU
		{09169948-FEFE-4902-98FA-94AFD2245F6F}.Debug|Any CPU.Build.0 = Debug|Any CPU
		{09169948-FEFE-4902-98FA-94AFD2245F6F}.Release|Any CPU.ActiveCfg = Release|Any CPU
		{09169948-FEFE-4902-98FA-94AFD2245F6F}.Release|Any CPU.Build.0 = Release|Any CPU
		{3C3CF6AC-1714-436D-83B7-392F3CD3F0C8}.Debug|Any CPU.ActiveCfg = Debug|Any CPU
		{3C3CF6AC-1714-436D-83B7-392F3CD3F0C8}.Debug|Any CPU.Build.0 = Debug|Any CPU
		{3C3CF6AC-1714-436D-83B7-392F3CD3F0C8}.Release|Any CPU.ActiveCfg = Release|Any CPU
		{3C3CF6AC-1714-436D-83B7-392F3CD3F0C8}.Release|Any CPU.Build.0 = Release|Any CPU
		{5E4C6C95-5983-44C3-810C-20442FF9805F}.Debug|Any CPU.ActiveCfg = Debug|Any CPU
		{5E4C6C95-5983-44C3-810C-20442FF9805F}.Debug|Any CPU.Build.0 = Debug|Any CPU
		{5E4C6C95-5983-44C3-810C-20442FF9805F}.Release|Any CPU.ActiveCfg = Release|Any CPU
		{5E4C6C95-5983-44C3-810C-20442FF9805F}.Release|Any CPU.Build.0 = Release|Any CPU
		{B1578ACA-89B8-4374-A6BE-61750BD72907}.Debug|Any CPU.ActiveCfg = Debug|Any CPU
		{B1578ACA-89B8-4374-A6BE-61750BD72907}.Debug|Any CPU.Build.0 = Debug|Any CPU
		{B1578ACA-89B8-4374-A6BE-61750BD72907}.Release|Any CPU.ActiveCfg = Release|Any CPU
		{B1578ACA-89B8-4374-A6BE-61750BD72907}.Release|Any CPU.Build.0 = Release|Any CPU
		{341EF403-F8F6-46D9-B044-8FF11836E382}.Debug|Any CPU.ActiveCfg = Debug|Any CPU
		{341EF403-F8F6-46D9-B044-8FF11836E382}.Debug|Any CPU.Build.0 = Debug|Any CPU
		{341EF403-F8F6-46D9-B044-8FF11836E382}.Release|Any CPU.ActiveCfg = Release|Any CPU
		{341EF403-F8F6-46D9-B044-8FF11836E382}.Release|Any CPU.Build.0 = Release|Any CPU
		{1988CC1B-3722-4312-8FB9-11E7779E2AAD}.Debug|Any CPU.ActiveCfg = Debug|Any CPU
		{1988CC1B-3722-4312-8FB9-11E7779E2AAD}.Debug|Any CPU.Build.0 = Debug|Any CPU
		{1988CC1B-3722-4312-8FB9-11E7779E2AAD}.Release|Any CPU.ActiveCfg = Release|Any CPU
		{1988CC1B-3722-4312-8FB9-11E7779E2AAD}.Release|Any CPU.Build.0 = Release|Any CPU
	EndGlobalSection
	GlobalSection(SolutionProperties) = preSolution
		HideSolutionNode = FALSE
	EndGlobalSection
	GlobalSection(ExtensibilityGlobals) = postSolution
		SolutionGuid = {6E111A61-9D15-4608-94DB-E1D1ACD9600F}
	EndGlobalSection
EndGlobal
